Microsoft Visual Studio Solution File, Format Version 12.00
# Visual Studio 2012
Project("{FAE04EC0-301F-11D3-BF4B-00C04F79EFBC}") = "Into The Rabbit Hole", "Into The Rabbit Hole.csproj", "{FBA1568D-D7E9-4DB3-B42F-D763420A4CBB}"
EndProject
Global
	GlobalSection(SolutionConfigurationPlatforms) = preSolution
	Debug|Any CPU = Debug|Any CPU
	ExportDebug|Any CPU = ExportDebug|Any CPU
	ExportRelease|Any CPU = ExportRelease|Any CPU
	EndGlobalSection
	GlobalSection(ProjectConfigurationPlatforms) = postSolution
		{FBA1568D-D7E9-4DB3-B42F-D763420A4CBB}.Debug|Any CPU.ActiveCfg = Debug|Any CPU
		{FBA1568D-D7E9-4DB3-B42F-D763420A4CBB}.Debug|Any CPU.Build.0 = Debug|Any CPU
		{FBA1568D-D7E9-4DB3-B42F-D763420A4CBB}.ExportDebug|Any CPU.ActiveCfg = ExportDebug|Any CPU
		{FBA1568D-D7E9-4DB3-B42F-D763420A4CBB}.ExportDebug|Any CPU.Build.0 = ExportDebug|Any CPU
		{FBA1568D-D7E9-4DB3-B42F-D763420A4CBB}.ExportRelease|Any CPU.ActiveCfg = ExportRelease|Any CPU
		{FBA1568D-D7E9-4DB3-B42F-D763420A4CBB}.ExportRelease|Any CPU.Build.0 = ExportRelease|Any CPU
	EndGlobalSection
EndGlobal
